
Microsoft Visual Studio Solution File, Format Version 12.00
# Visual Studio 15
VisualStudioVersion = 15.0.28010.2003
MinimumVisualStudioVersion = 10.0.40219.1
Project("{888888A0-9F3D-457C-B088-3A5042F75D52}") = "DjangoAssignment", "DjangoAssignment\DjangoAssignment.pyproj", "{8012F42D-501F-4F71-B214-7F84D86EBD0D}"
EndProject
Global
	GlobalSection(SolutionConfigurationPlatforms) = preSolution
		Debug|Any CPU = Debug|Any CPU
		Release|Any CPU = Release|Any CPU
	EndGlobalSection
	GlobalSection(ProjectConfigurationPlatforms) = postSolution
		{8012F42D-501F-4F71-B214-7F84D86EBD0D}.Debug|Any CPU.ActiveCfg = Debug|Any CPU
		{8012F42D-501F-4F71-B214-7F84D86EBD0D}.Debug|Any CPU.Build.0 = Debug|Any CPU
		{8012F42D-501F-4F71-B214-7F84D86EBD0D}.Release|Any CPU.ActiveCfg = Release|Any CPU
		{8012F42D-501F-4F71-B214-7F84D86EBD0D}.Release|Any CPU.Build.0 = Release|Any CPU
	EndGlobalSection
	GlobalSection(SolutionProperties) = preSolution
		HideSolutionNode = FALSE
	EndGlobalSection
	GlobalSection(ExtensibilityGlobals) = postSolution
		SolutionGuid = {63429032-56DD-4CE8-8361-7A38D7768ECF}
	EndGlobalSection
EndGlobal
